
Microsoft Visual Studio Solution File, Format Version 12.00
# Visual Studio Version 16
VisualStudioVersion = 16.0.31729.503
MinimumVisualStudioVersion = 10.0.40219.1
Project("{9A19103F-16F7-4668-BE54-9A1E7A4F7556}") = "Web", "ProjectUniversity\Web.csproj", "{EC45FBEF-DC6C-469D-85D6-BD635EA5E825}"
EndProject
Project("{9A19103F-16F7-4668-BE54-9A1E7A4F7556}") = "Domain", "Domain\Domain.csproj", "{BC78E7BE-79C1-456A-AE8F-C4FC30565B0E}"
EndProject
Project("{9A19103F-16F7-4668-BE54-9A1E7A4F7556}") = "Repository", "Repository\Repository.csproj", "{A25562DF-3751-4479-B7C0-DB2861868B10}"
EndProject
Project("{9A19103F-16F7-4668-BE54-9A1E7A4F7556}") = "Service", "Service\Service.csproj", "{A4F58047-E0F9-4595-8439-FAF089C3558C}"
EndProject
Project("{9A19103F-16F7-4668-BE54-9A1E7A4F7556}") = "Test", "Test\Test.csproj", "{0087E6BA-F431-4DE6-8506-6698744DE6E7}"
EndProject
Project("{9A19103F-16F7-4668-BE54-9A1E7A4F7556}") = "Ioc", "Ioc\Ioc.csproj", "{5AE96636-44F1-4057-9658-9EA7A3DB0C67}"
EndProject
Project("{FAE04EC0-301F-11D3-BF4B-00C04F79EFBC}") = "RabbitMq", "RabbitMq\RabbitMq.csproj", "{DF7927A3-054B-4B10-8909-8FA45850F162}"
EndProject
Global
	GlobalSection(SolutionConfigurationPlatforms) = preSolution
		Debug|Any CPU = Debug|Any CPU
		Release|Any CPU = Release|Any CPU
	EndGlobalSection
	GlobalSection(ProjectConfigurationPlatforms) = postSolution
		{EC45FBEF-DC6C-469D-85D6-BD635EA5E825}.Debug|Any CPU.ActiveCfg = Debug|Any CPU
		{EC45FBEF-DC6C-469D-85D6-BD635EA5E825}.Debug|Any CPU.Build.0 = Debug|Any CPU
		{EC45FBEF-DC6C-469D-85D6-BD635EA5E825}.Release|Any CPU.ActiveCfg = Release|Any CPU
		{EC45FBEF-DC6C-469D-85D6-BD635EA5E825}.Release|Any CPU.Build.0 = Release|Any CPU
		{BC78E7BE-79C1-456A-AE8F-C4FC30565B0E}.Debug|Any CPU.ActiveCfg = Debug|Any CPU
		{BC78E7BE-79C1-456A-AE8F-C4FC30565B0E}.Debug|Any CPU.Build.0 = Debug|Any CPU
		{BC78E7BE-79C1-456A-AE8F-C4FC30565B0E}.Release|Any CPU.ActiveCfg = Release|Any CPU
		{BC78E7BE-79C1-456A-AE8F-C4FC30565B0E}.Release|Any CPU.Build.0 = Release|Any CPU
		{A25562DF-3751-4479-B7C0-DB2861868B10}.Debug|Any CPU.ActiveCfg = Debug|Any CPU
		{A25562DF-3751-4479-B7C0-DB2861868B10}.Debug|Any CPU.Build.0 = Debug|Any CPU
		{A25562DF-3751-4479-B7C0-DB2861868B10}.Release|Any CPU.ActiveCfg = Release|Any CPU
		{A25562DF-3751-4479-B7C0-DB2861868B10}.Release|Any CPU.Build.0 = Release|Any CPU
		{A4F58047-E0F9-4595-8439-FAF089C3558C}.Debug|Any CPU.ActiveCfg = Debug|Any CPU
		{A4F58047-E0F9-4595-8439-FAF089C3558C}.Debug|Any CPU.Build.0 = Debug|Any CPU
		{A4F58047-E0F9-4595-8439-FAF089C3558C}.Release|Any CPU.ActiveCfg = Release|Any CPU
		{A4F58047-E0F9-4595-8439-FAF089C3558C}.Release|Any CPU.Build.0 = Release|Any CPU
		{0087E6BA-F431-4DE6-8506-6698744DE6E7}.Debug|Any CPU.ActiveCfg = Debug|Any CPU
		{0087E6BA-F431-4DE6-8506-6698744DE6E7}.Debug|Any CPU.Build.0 = Debug|Any CPU
		{0087E6BA-F431-4DE6-8506-6698744DE6E7}.Release|Any CPU.ActiveCfg = Release|Any CPU
		{0087E6BA-F431-4DE6-8506-6698744DE6E7}.Release|Any CPU.Build.0 = Release|Any CPU
		{5AE96636-44F1-4057-9658-9EA7A3DB0C67}.Debug|Any CPU.ActiveCfg = Debug|Any CPU
		{5AE96636-44F1-4057-9658-9EA7A3DB0C67}.Debug|Any CPU.Build.0 = Debug|Any CPU
		{5AE96636-44F1-4057-9658-9EA7A3DB0C67}.Release|Any CPU.ActiveCfg = Release|Any CPU
		{5AE96636-44F1-4057-9658-9EA7A3DB0C67}.Release|Any CPU.Build.0 = Release|Any CPU
		{DF7927A3-054B-4B10-8909-8FA45850F162}.Debug|Any CPU.ActiveCfg = Debug|Any CPU
		{DF7927A3-054B-4B10-8909-8FA45850F162}.Debug|Any CPU.Build.0 = Debug|Any CPU
		{DF7927A3-054B-4B10-8909-8FA45850F162}.Release|Any CPU.ActiveCfg = Release|Any CPU
		{DF7927A3-054B-4B10-8909-8FA45850F162}.Release|Any CPU.Build.0 = Release|Any CPU
	EndGlobalSection
	GlobalSection(SolutionProperties) = preSolution
		HideSolutionNode = FALSE
	EndGlobalSection
	GlobalSection(ExtensibilityGlobals) = postSolution
		SolutionGuid = {EA10BEBF-2DFC-4209-AB7C-70C71DBC3A3C}
	EndGlobalSection
EndGlobal
